
Microsoft Visual Studio Solution File, Format Version 12.00
# Visual Studio Version 17
VisualStudioVersion = 17.3.32901.215
MinimumVisualStudioVersion = 10.0.40219.1
Project("{FAE04EC0-301F-11D3-BF4B-00C04F79EFBC}") = "ZMGDesktop", "ZMGDesktop\ZMGDesktop.csproj", "{5022510D-9326-4CB9-AE03-07F2F4D3C075}"
EndProject
Project("{FAE04EC0-301F-11D3-BF4B-00C04F79EFBC}") = "EntitiesLayer", "EntitiesLayer\EntitiesLayer.csproj", "{969BAF40-7473-43B9-B39D-C0371C085D3F}"
EndProject
Project("{FAE04EC0-301F-11D3-BF4B-00C04F79EFBC}") = "DataAccessLayer", "DataAccessLayer\DataAccessLayer.csproj", "{DF1307F3-7420-45A3-9C7D-50FE8172602B}"
EndProject
Project("{FAE04EC0-301F-11D3-BF4B-00C04F79EFBC}") = "BusinessLogicLayer", "BusinessLogicLayer\BusinessLogicLayer.csproj", "{9493449F-748D-401D-BC03-898405CE2019}"
EndProject
Project("{FAE04EC0-301F-11D3-BF4B-00C04F79EFBC}") = "ZMGTests", "ZMGTests\ZMGTests.csproj", "{A43D5520-563D-4714-A86D-BFC1478AE286}"
EndProject
Project("{FAE04EC0-301F-11D3-BF4B-00C04F79EFBC}") = "Email", "Email\Email.csproj", "{933F3363-D231-43AB-A2B2-8B8BB5F7583D}"
EndProject
Project("{54435603-DBB4-11D2-8724-00A0C9A8B90C}") = "ZMGDesktopSetup", "ZMGDesktopSetup\ZMGDesktopSetup.vdproj", "{0EB46F7C-6FB5-4A66-B06D-A374511E92BA}"
EndProject
Global
	GlobalSection(SolutionConfigurationPlatforms) = preSolution
		Debug|Any CPU = Debug|Any CPU
		Release|Any CPU = Release|Any CPU
	EndGlobalSection
	GlobalSection(ProjectConfigurationPlatforms) = postSolution
		{5022510D-9326-4CB9-AE03-07F2F4D3C075}.Debug|Any CPU.ActiveCfg = Debug|Any CPU
		{5022510D-9326-4CB9-AE03-07F2F4D3C075}.Debug|Any CPU.Build.0 = Debug|Any CPU
		{5022510D-9326-4CB9-AE03-07F2F4D3C075}.Release|Any CPU.ActiveCfg = Release|Any CPU
		{5022510D-9326-4CB9-AE03-07F2F4D3C075}.Release|Any CPU.Build.0 = Release|Any CPU
		{969BAF40-7473-43B9-B39D-C0371C085D3F}.Debug|Any CPU.ActiveCfg = Debug|Any CPU
		{969BAF40-7473-43B9-B39D-C0371C085D3F}.Debug|Any CPU.Build.0 = Debug|Any CPU
		{969BAF40-7473-43B9-B39D-C0371C085D3F}.Release|Any CPU.ActiveCfg = Release|Any CPU
		{969BAF40-7473-43B9-B39D-C0371C085D3F}.Release|Any CPU.Build.0 = Release|Any CPU
		{DF1307F3-7420-45A3-9C7D-50FE8172602B}.Debug|Any CPU.ActiveCfg = Debug|Any CPU
		{DF1307F3-7420-45A3-9C7D-50FE8172602B}.Debug|Any CPU.Build.0 = Debug|Any CPU
		{DF1307F3-7420-45A3-9C7D-50FE8172602B}.Release|Any CPU.ActiveCfg = Release|Any CPU
		{DF1307F3-7420-45A3-9C7D-50FE8172602B}.Release|Any CPU.Build.0 = Release|Any CPU
		{9493449F-748D-401D-BC03-898405CE2019}.Debug|Any CPU.ActiveCfg = Debug|Any CPU
		{9493449F-748D-401D-BC03-898405CE2019}.Debug|Any CPU.Build.0 = Debug|Any CPU
		{9493449F-748D-401D-BC03-898405CE2019}.Release|Any CPU.ActiveCfg = Release|Any CPU
		{9493449F-748D-401D-BC03-898405CE2019}.Release|Any CPU.Build.0 = Release|Any CPU
		{A43D5520-563D-4714-A86D-BFC1478AE286}.Debug|Any CPU.ActiveCfg = Debug|Any CPU
		{A43D5520-563D-4714-A86D-BFC1478AE286}.Debug|Any CPU.Build.0 = Debug|Any CPU
		{A43D5520-563D-4714-A86D-BFC1478AE286}.Release|Any CPU.ActiveCfg = Release|Any CPU
		{A43D5520-563D-4714-A86D-BFC1478AE286}.Release|Any CPU.Build.0 = Release|Any CPU
		{933F3363-D231-43AB-A2B2-8B8BB5F7583D}.Debug|Any CPU.ActiveCfg = Debug|Any CPU
		{933F3363-D231-43AB-A2B2-8B8BB5F7583D}.Debug|Any CPU.Build.0 = Debug|Any CPU
		{933F3363-D231-43AB-A2B2-8B8BB5F7583D}.Release|Any CPU.ActiveCfg = Release|Any CPU
		{933F3363-D231-43AB-A2B2-8B8BB5F7583D}.Release|Any CPU.Build.0 = Release|Any CPU
		{0EB46F7C-6FB5-4A66-B06D-A374511E92BA}.Debug|Any CPU.ActiveCfg = Debug
		{0EB46F7C-6FB5-4A66-B06D-A374511E92BA}.Release|Any CPU.ActiveCfg = Release
	EndGlobalSection
	GlobalSection(SolutionProperties) = preSolution
		HideSolutionNode = FALSE
	EndGlobalSection
	GlobalSection(ExtensibilityGlobals) = postSolution
		SolutionGuid = {F2FA7044-EC34-46B5-82D7-2A05D605588D}
	EndGlobalSection
EndGlobal
